
Microsoft Visual Studio Solution File, Format Version 12.00
Project("{FAE04EC0-301F-11D3-BF4B-00C04F79EFBC}") = "GeoCalcLib", "GeoCalcLib\GeoCalcLib.csproj", "{6C5DF3F4-4C10-4F2C-81C3-563AA677D401}"
EndProject
Project("{FAE04EC0-301F-11D3-BF4B-00C04F79EFBC}") = "ConsoleApp", "ConsoleApp\ConsoleApp.csproj", "{2AF8744A-8035-4520-B73D-6BCE031CC3EB}"
EndProject
Project("{FAE04EC0-301F-11D3-BF4B-00C04F79EFBC}") = "UnitTest", "UnitTest\UnitTest.csproj", "{B2C9B3F1-D387-4C43-9A22-4ABAF2E9F623}"
EndProject
Global
	GlobalSection(SolutionConfigurationPlatforms) = preSolution
		Debug|Any CPU = Debug|Any CPU
		Release|Any CPU = Release|Any CPU
	EndGlobalSection
	GlobalSection(ProjectConfigurationPlatforms) = postSolution
		{6C5DF3F4-4C10-4F2C-81C3-563AA677D401}.Debug|Any CPU.ActiveCfg = Debug|Any CPU
		{6C5DF3F4-4C10-4F2C-81C3-563AA677D401}.Debug|Any CPU.Build.0 = Debug|Any CPU
		{6C5DF3F4-4C10-4F2C-81C3-563AA677D401}.Release|Any CPU.ActiveCfg = Release|Any CPU
		{6C5DF3F4-4C10-4F2C-81C3-563AA677D401}.Release|Any CPU.Build.0 = Release|Any CPU
		{2AF8744A-8035-4520-B73D-6BCE031CC3EB}.Debug|Any CPU.ActiveCfg = Debug|Any CPU
		{2AF8744A-8035-4520-B73D-6BCE031CC3EB}.Debug|Any CPU.Build.0 = Debug|Any CPU
		{2AF8744A-8035-4520-B73D-6BCE031CC3EB}.Release|Any CPU.ActiveCfg = Release|Any CPU
		{2AF8744A-8035-4520-B73D-6BCE031CC3EB}.Release|Any CPU.Build.0 = Release|Any CPU
		{B2C9B3F1-D387-4C43-9A22-4ABAF2E9F623}.Debug|Any CPU.ActiveCfg = Debug|Any CPU
		{B2C9B3F1-D387-4C43-9A22-4ABAF2E9F623}.Debug|Any CPU.Build.0 = Debug|Any CPU
		{B2C9B3F1-D387-4C43-9A22-4ABAF2E9F623}.Release|Any CPU.ActiveCfg = Release|Any CPU
		{B2C9B3F1-D387-4C43-9A22-4ABAF2E9F623}.Release|Any CPU.Build.0 = Release|Any CPU
	EndGlobalSection
EndGlobal
